
Microsoft Visual Studio Solution File, Format Version 12.00
# Visual Studio Version 17
VisualStudioVersion = 17.11.35431.28
MinimumVisualStudioVersion = 10.0.40219.1
Project("{FAE04EC0-301F-11D3-BF4B-00C04F79EFBC}") = "WebSlon", "WebSlon\WebSlon.csproj", "{B5C9B118-95F4-4E46-82D7-C8BDEF3F6325}"
EndProject
Global
	GlobalSection(SolutionConfigurationPlatforms) = preSolution
		Debug|Any CPU = Debug|Any CPU
		Release|Any CPU = Release|Any CPU
	EndGlobalSection
	GlobalSection(ProjectConfigurationPlatforms) = postSolution
		{B5C9B118-95F4-4E46-82D7-C8BDEF3F6325}.Debug|Any CPU.ActiveCfg = Debug|Any CPU
		{B5C9B118-95F4-4E46-82D7-C8BDEF3F6325}.Debug|Any CPU.Build.0 = Debug|Any CPU
		{B5C9B118-95F4-4E46-82D7-C8BDEF3F6325}.Release|Any CPU.ActiveCfg = Release|Any CPU
		{B5C9B118-95F4-4E46-82D7-C8BDEF3F6325}.Release|Any CPU.Build.0 = Release|Any CPU
	EndGlobalSection
	GlobalSection(SolutionProperties) = preSolution
		HideSolutionNode = FALSE
	EndGlobalSection
	GlobalSection(ExtensibilityGlobals) = postSolution
		SolutionGuid = {B2770541-9B04-499A-B91E-5178F204A991}
	EndGlobalSection
EndGlobal
